
Microsoft Visual Studio Solution File, Format Version 11.00
# Visual Studio 2010
Project("{FAE04EC0-301F-11D3-BF4B-00C04F79EFBC}") = "Corridor Digital", "Assembly-CSharp.csproj", "{54DAA545-B0BF-4475-9EDD-19CF6A27782D}"
EndProject
Project("{FAE04EC0-301F-11D3-BF4B-00C04F79EFBC}") = "Corridor Digital", "Assembly-CSharp-Editor.csproj", "{B6A1C3D8-BAED-CC43-D100-F8C84B2F4C0D}"
EndProject
Global
	GlobalSection(SolutionConfigurationPlatforms) = preSolution
		Debug|Any CPU = Debug|Any CPU
		Release|Any CPU = Release|Any CPU
	EndGlobalSection
	GlobalSection(ProjectConfigurationPlatforms) = postSolution
		{54DAA545-B0BF-4475-9EDD-19CF6A27782D}.Debug|Any CPU.ActiveCfg = Debug|Any CPU
		{54DAA545-B0BF-4475-9EDD-19CF6A27782D}.Debug|Any CPU.Build.0 = Debug|Any CPU
		{54DAA545-B0BF-4475-9EDD-19CF6A27782D}.Release|Any CPU.ActiveCfg = Release|Any CPU
		{54DAA545-B0BF-4475-9EDD-19CF6A27782D}.Release|Any CPU.Build.0 = Release|Any CPU
		{B6A1C3D8-BAED-CC43-D100-F8C84B2F4C0D}.Debug|Any CPU.ActiveCfg = Debug|Any CPU
		{B6A1C3D8-BAED-CC43-D100-F8C84B2F4C0D}.Debug|Any CPU.Build.0 = Debug|Any CPU
		{B6A1C3D8-BAED-CC43-D100-F8C84B2F4C0D}.Release|Any CPU.ActiveCfg = Release|Any CPU
		{B6A1C3D8-BAED-CC43-D100-F8C84B2F4C0D}.Release|Any CPU.Build.0 = Release|Any CPU
	EndGlobalSection
	GlobalSection(SolutionProperties) = preSolution
		HideSolutionNode = FALSE
	EndGlobalSection
	GlobalSection(MonoDevelopProperties) = preSolution
		StartupItem = Assembly-CSharp.csproj
	EndGlobalSection
EndGlobal
